{
  "requires": true,
  "lockfileVersion": 1,
  "dependencies": {
    "videojs-markers": {
      "version": "1.0.1",
      "resolved": "https://registry.npmjs.org/videojs-markers/-/videojs-markers-1.0.1.tgz",
      "integrity": "sha512-jw3jRhanwno0YgdRR9+z6cbdmMs/jeXcrgkMr6mlEP+XfZN+isWNYp0GnPvdXrBcnb6AANdDHlnXSmIvecEzWA=="
    }
  }
}
